{
  "name": "@material/mwc-layout-grid",
  "version": "0.12.0",
  "lockfileVersion": 1,
  "requires": true,
  "dependencies": {
    "@material/animation": {
      "version": "5.0.0-canary.1c494e567.0",
      "resolved": "https://registry.npmjs.org/@material/animation/-/animation-5.0.0-canary.1c494e567.0.tgz",
      "integrity": "sha512-reEvoJue3XYRTZaNmVOj+1l41w1N8ix7KgzICHSR7d474G0VHQPp9v6ylvvB/QUsyew3xcE7YaqTSdP67nA54A==",
      "requires": {
        "tslib": "^1.9.3"
      }
    },
    "@material/base": {
      "version": "5.0.0-canary.1c494e567.0",
      "resolved": "https://registry.npmjs.org/@material/base/-/base-5.0.0-canary.1c494e567.0.tgz",
      "integrity": "sha512-K23UTOxLrbEqAkbKb0aYSkLJ4L8d6vSlzx908iGTho9ybFLUcamRvQfav0mgpACmlPIxwrkbN40KAzGApTt4Gw==",
      "requires": {
        "tslib": "^1.9.3"
      }
    },
    "@material/dom": {
      "version": "5.0.0-canary.1c494e567.0",
      "resolved": "https://registry.npmjs.org/@material/dom/-/dom-5.0.0-canary.1c494e567.0.tgz",
      "integrity": "sha512-O4GDLRXFA9PJbTfkqEhuI+Yow6dKHiDLdDDNX366rLpbpPyOXrblOW7WVRhLE+L/iuocdPqNYs9sUKQMiW75UQ==",
      "requires": {
        "tslib": "^1.9.3"
      }
    },
    "@material/feature-targeting": {
      "version": "5.0.0-canary.1c494e567.0",
      "resolved": "https://registry.npmjs.org/@material/feature-targeting/-/feature-targeting-5.0.0-canary.1c494e567.0.tgz",
      "integrity": "sha512-Ti3CIVLJMXmTZsZjtUeAP2sdAb9nNTHK7EIdLLZjcrYe2GexWtJPS//AXDK7PDkBj7kYqIP7xUdUGfVYSz+g4Q=="
    },
    "@material/layout-grid": {
      "version": "5.0.0-canary.a08ccec35.0",
      "resolved": "https://registry.npmjs.org/@material/layout-grid/-/layout-grid-5.0.0-canary.a08ccec35.0.tgz",
      "integrity": "sha512-phKqxByvmS4ilkoDNO0Iwe+IqKBtd/guCj5XrWFpS1GP9N9IXhG4yke9/HBndDaGoS/13r2wf+pVYzbqRKsqjg=="
    },
    "@material/mwc-base": {
      "version": "0.12.0",
      "resolved": "https://registry.npmjs.org/@material/mwc-base/-/mwc-base-0.12.0.tgz",
      "integrity": "sha512-JjhZbzrs6WM9Gjo6IIsdMXORh4F4BTESa+SnV4lqhpfBdDJhWcADvPD9WrU23MS3p+/f/1SzUrRKyQ9dfumCSw==",
      "requires": {
        "@material/base": "=5.0.0-canary.1c494e567.0",
        "@material/dom": "=5.0.0-canary.1c494e567.0",
        "@material/ripple": "=5.0.0-canary.1c494e567.0",
        "lit-element": "^2.2.1",
        "tslib": "^1.10.0"
      }
    },
    "@material/ripple": {
      "version": "5.0.0-canary.1c494e567.0",
      "resolved": "https://registry.npmjs.org/@material/ripple/-/ripple-5.0.0-canary.1c494e567.0.tgz",
      "integrity": "sha512-AJZ/eL2dFF6kVa5w6Tl8TiLjoBE1IcA96sZFUPdNJqBM4ddHpHoFejrkJOt7dVxmAIOgHjktUo8+5vHDOAE14w==",
      "requires": {
        "@material/animation": "5.0.0-canary.1c494e567.0",
        "@material/base": "5.0.0-canary.1c494e567.0",
        "@material/dom": "5.0.0-canary.1c494e567.0",
        "@material/feature-targeting": "5.0.0-canary.1c494e567.0",
        "@material/theme": "5.0.0-canary.1c494e567.0",
        "tslib": "^1.9.3"
      }
    },
    "@material/theme": {
      "version": "5.0.0-canary.1c494e567.0",
      "resolved": "https://registry.npmjs.org/@material/theme/-/theme-5.0.0-canary.1c494e567.0.tgz",
      "integrity": "sha512-U4u326P7h3r3dz+0y3LlqlBqh2oyhXdpzuhdBuhVBKyW/3cMup+BWMBaNBcx/W9igFKWdkk5Z9AoLguoDpBLqg==",
      "requires": {
        "@material/feature-targeting": "5.0.0-canary.1c494e567.0"
      }
    },
    "lit-element": {
      "version": "2.3.1",
      "resolved": "https://registry.npmjs.org/lit-element/-/lit-element-2.3.1.tgz",
      "integrity": "sha512-tOcUAmeO3BzwiQ7FGWdsshNvC0HVHcTFYw/TLIImmKwXYoV0E7zCBASa8IJ7DiP4cen/Yoj454gS0qqTnIGsFA==",
      "requires": {
        "lit-html": "^1.1.1"
      }
    },
    "lit-html": {
      "version": "1.2.1",
      "resolved": "https://registry.npmjs.org/lit-html/-/lit-html-1.2.1.tgz",
      "integrity": "sha512-GSJHHXMGLZDzTRq59IUfL9FCdAlGfqNp/dEa7k7aBaaWD+JKaCjsAk9KYm2V12ItonVaYx2dprN66Zdm1AuBTQ=="
    },
    "tslib": {
      "version": "1.13.0",
      "resolved": "https://registry.npmjs.org/tslib/-/tslib-1.13.0.tgz",
      "integrity": "sha512-i/6DQjL8Xf3be4K/E6Wgpekn5Qasl1usyw++dAA35Ue5orEn65VIxOA+YvNNl9HV3qv70T7CNwjODHZrLwvd1Q=="
    }
  }
}
